// !$*UTF8*$!
{
	archiveVersion = 1;
	classes = {
	};
	objectVersion = 50;
	objects = {

/* Begin PBXBuildFile section */
		6F4FC2F524FADB2500B96DDC /* AppDelegate.swift in Sources */ = {isa = PBXBuildFile; fileRef = 6F4FC2F424FADB2500B96DDC /* AppDelegate.swift */; };
		6F4FC2F724FADB2500B96DDC /* SceneDelegate.swift in Sources */ = {isa = PBXBuildFile; fileRef = 6F4FC2F624FADB2500B96DDC /* SceneDelegate.swift */; };
		6F4FC2F924FADB2500B96DDC /* MainVC.swift in Sources */ = {isa = PBXBuildFile; fileRef = 6F4FC2F824FADB2500B96DDC /* MainVC.swift */; };
		6F4FC2FC24FADB2500B96DDC /* Main.storyboard in Resources */ = {isa = PBXBuildFile; fileRef = 6F4FC2FA24FADB2500B96DDC /* Main.storyboard */; };
		6F4FC2FE24FADB2700B96DDC /* Assets.xcassets in Resources */ = {isa = PBXBuildFile; fileRef = 6F4FC2FD24FADB2700B96DDC /* Assets.xcassets */; };
		6F4FC30124FADB2700B96DDC /* LaunchScreen.storyboard in Resources */ = {isa = PBXBuildFile; fileRef = 6F4FC2FF24FADB2700B96DDC /* LaunchScreen.storyboard */; };
		6F4FC32524FADFDC00B96DDC /* MainView.swift in Sources */ = {isa = PBXBuildFile; fileRef = 6F4FC32424FADFDC00B96DDC /* MainView.swift */; };
		6F4FC32924FAE0D200B96DDC /* RainbowSixOperator.swift in Sources */ = {isa = PBXBuildFile; fileRef = 6F4FC32824FAE0D200B96DDC /* RainbowSixOperator.swift */; };
		6F4FC32D24FAE51800B96DDC /* DetailsVC.swift in Sources */ = {isa = PBXBuildFile; fileRef = 6F4FC32C24FAE51800B96DDC /* DetailsVC.swift */; };
		6F4FC32F24FC07F400B96DDC /* SearchVC.swift in Sources */ = {isa = PBXBuildFile; fileRef = 6F4FC32E24FC07F400B96DDC /* SearchVC.swift */; };
/* End PBXBuildFile section */

/* Begin PBXContainerItemProxy section */
		6F4FC30824FADB2800B96DDC /* PBXContainerItemProxy */ = {
			isa = PBXContainerItemProxy;
			containerPortal = 6F4FC2E924FADB2500B96DDC /* Project object */;
			proxyType = 1;
			remoteGlobalIDString = 6F4FC2F024FADB2500B96DDC;
			remoteInfo = TestSearchController;
		};
		6F4FC31324FADB2800B96DDC /* PBXContainerItemProxy */ = {
			isa = PBXContainerItemProxy;
			containerPortal = 6F4FC2E924FADB2500B96DDC /* Project object */;
			proxyType = 1;
			remoteGlobalIDString = 6F4FC2F024FADB2500B96DDC;
			remoteInfo = TestSearchController;
		};
/* End PBXContainerItemProxy section */

/* Begin PBXFileReference section */
		6F4FC2F124FADB2500B96DDC /* TestSearchController.app */ = {isa = PBXFileReference; explicitFileType = wrapper.application; includeInIndex = 0; path = TestSearchController.app; sourceTree = BUILT_PRODUCTS_DIR; };
		6F4FC2F424FADB2500B96DDC /* AppDelegate.swift */ = {isa = PBXFileReference; lastKnownFileType = sourcecode.swift; path = AppDelegate.swift; sourceTree = "<group>"; };
		6F4FC2F624FADB2500B96DDC /* SceneDelegate.swift */ = {isa = PBXFileReference; lastKnownFileType = sourcecode.swift; path = SceneDelegate.swift; sourceTree = "<group>"; };
		6F4FC2F824FADB2500B96DDC /* MainVC.swift */ = {isa = PBXFileReference; lastKnownFileType = sourcecode.swift; path = MainVC.swift; sourceTree = "<group>"; };
		6F4FC2FB24FADB2500B96DDC /* Base */ = {isa = PBXFileReference; lastKnownFileType = file.storyboard; name = Base; path = Base.lproj/Main.storyboard; sourceTree = "<group>"; };
		6F4FC2FD24FADB2700B96DDC /* Assets.xcassets */ = {isa = PBXFileReference; lastKnownFileType = folder.assetcatalog; path = Assets.xcassets; sourceTree = "<group>"; };
		6F4FC30024FADB2700B96DDC /* Base */ = {isa = PBXFileReference; lastKnownFileType = file.storyboard; name = Base; path = Base.lproj/LaunchScreen.storyboard; sourceTree = "<group>"; };
		6F4FC30224FADB2800B96DDC /* Info.plist */ = {isa = PBXFileReference; lastKnownFileType = text.plist.xml; path = Info.plist; sourceTree = "<group>"; };
		6F4FC30724FADB2800B96DDC /* TestSearchControllerTests.xctest */ = {isa = PBXFileReference; explicitFileType = wrapper.cfbundle; includeInIndex = 0; path = TestSearchControllerTests.xctest; sourceTree = BUILT_PRODUCTS_DIR; };
		6F4FC31224FADB2800B96DDC /* TestSearchControllerUITests.xctest */ = {isa = PBXFileReference; explicitFileType = wrapper.cfbundle; includeInIndex = 0; path = TestSearchControllerUITests.xctest; sourceTree = BUILT_PRODUCTS_DIR; };
		6F4FC32424FADFDC00B96DDC /* MainView.swift */ = {isa = PBXFileReference; lastKnownFileType = sourcecode.swift; path = MainView.swift; sourceTree = "<group>"; };
		6F4FC32824FAE0D200B96DDC /* RainbowSixOperator.swift */ = {isa = PBXFileReference; lastKnownFileType = sourcecode.swift; path = RainbowSixOperator.swift; sourceTree = "<group>"; };
		6F4FC32C24FAE51800B96DDC /* DetailsVC.swift */ = {isa = PBXFileReference; lastKnownFileType = sourcecode.swift; path = DetailsVC.swift; sourceTree = "<group>"; };
		6F4FC32E24FC07F400B96DDC /* SearchVC.swift */ = {isa = PBXFileReference; lastKnownFileType = sourcecode.swift; path = SearchVC.swift; sourceTree = "<group>"; };
/* End PBXFileReference section */

/* Begin PBXFrameworksBuildPhase section */
		6F4FC2EE24FADB2500B96DDC /* Frameworks */ = {
			isa = PBXFrameworksBuildPhase;
			buildActionMask = 2147483647;
			files = (
			);
			runOnlyForDeploymentPostprocessing = 0;
		};
		6F4FC30424FADB2800B96DDC /* Frameworks */ = {
			isa = PBXFrameworksBuildPhase;
			buildActionMask = 2147483647;
			files = (
			);
			runOnlyForDeploymentPostprocessing = 0;
		};
		6F4FC30F24FADB2800B96DDC /* Frameworks */ = {
			isa = PBXFrameworksBuildPhase;
			buildActionMask = 2147483647;
			files = (
			);
			runOnlyForDeploymentPostprocessing = 0;
		};
/* End PBXFrameworksBuildPhase section */

/* Begin PBXGroup section */
		6F4FC2E824FADB2500B96DDC = {
			isa = PBXGroup;
			children = (
				6F4FC2F324FADB2500B96DDC /* TestSearchController */,
				6F4FC2F224FADB2500B96DDC /* Products */,
			);
			sourceTree = "<group>";
		};
		6F4FC2F224FADB2500B96DDC /* Products */ = {
			isa = PBXGroup;
			children = (
				6F4FC2F124FADB2500B96DDC /* TestSearchController.app */,
				6F4FC30724FADB2800B96DDC /* TestSearchControllerTests.xctest */,
				6F4FC31224FADB2800B96DDC /* TestSearchControllerUITests.xctest */,
			);
			name = Products;
			sourceTree = "<group>";
		};
		6F4FC2F324FADB2500B96DDC /* TestSearchController */ = {
			isa = PBXGroup;
			children = (
				6F4FC2F424FADB2500B96DDC /* AppDelegate.swift */,
				6F4FC2F624FADB2500B96DDC /* SceneDelegate.swift */,
				6F4FC32A24FAE0D700B96DDC /* Models */,
				6F4FC32624FAE08800B96DDC /* Modules */,
				6F4FC2FA24FADB2500B96DDC /* Main.storyboard */,
				6F4FC2FD24FADB2700B96DDC /* Assets.xcassets */,
				6F4FC2FF24FADB2700B96DDC /* LaunchScreen.storyboard */,
				6F4FC30224FADB2800B96DDC /* Info.plist */,
			);
			path = TestSearchController;
			sourceTree = "<group>";
		};
		6F4FC32624FAE08800B96DDC /* Modules */ = {
			isa = PBXGroup;
			children = (
				6F4FC32724FAE09000B96DDC /* Main */,
				6F4FC32B24FAE4FD00B96DDC /* Details */,
				6F4FC32E24FC07F400B96DDC /* SearchVC.swift */,
			);
			path = Modules;
			sourceTree = "<group>";
		};
		6F4FC32724FAE09000B96DDC /* Main */ = {
			isa = PBXGroup;
			children = (
				6F4FC2F824FADB2500B96DDC /* MainVC.swift */,
				6F4FC32424FADFDC00B96DDC /* MainView.swift */,
			);
			path = Main;
			sourceTree = "<group>";
		};
		6F4FC32A24FAE0D700B96DDC /* Models */ = {
			isa = PBXGroup;
			children = (
				6F4FC32824FAE0D200B96DDC /* RainbowSixOperator.swift */,
			);
			path = Models;
			sourceTree = "<group>";
		};
		6F4FC32B24FAE4FD00B96DDC /* Details */ = {
			isa = PBXGroup;
			children = (
				6F4FC32C24FAE51800B96DDC /* DetailsVC.swift */,
			);
			path = Details;
			sourceTree = "<group>";
		};
/* End PBXGroup section */

/* Begin PBXNativeTarget section */
		6F4FC2F024FADB2500B96DDC /* TestSearchController */ = {
			isa = PBXNativeTarget;
			buildConfigurationList = 6F4FC31B24FADB2800B96DDC /* Build configuration list for PBXNativeTarget "TestSearchController" */;
			buildPhases = (
				6F4FC2ED24FADB2500B96DDC /* Sources */,
				6F4FC2EE24FADB2500B96DDC /* Frameworks */,
				6F4FC2EF24FADB2500B96DDC /* Resources */,
			);
			buildRules = (
			);
			dependencies = (
			);
			name = TestSearchController;
			productName = TestSearchController;
			productReference = 6F4FC2F124FADB2500B96DDC /* TestSearchController.app */;
			productType = "com.apple.product-type.application";
		};
		6F4FC30624FADB2800B96DDC /* TestSearchControllerTests */ = {
			isa = PBXNativeTarget;
			buildConfigurationList = 6F4FC31E24FADB2800B96DDC /* Build configuration list for PBXNativeTarget "TestSearchControllerTests" */;
			buildPhases = (
				6F4FC30324FADB2800B96DDC /* Sources */,
				6F4FC30424FADB2800B96DDC /* Frameworks */,
				6F4FC30524FADB2800B96DDC /* Resources */,
			);
			buildRules = (
			);
			dependencies = (
				6F4FC30924FADB2800B96DDC /* PBXTargetDependency */,
			);
			name = TestSearchControllerTests;
			productName = TestSearchControllerTests;
			productReference = 6F4FC30724FADB2800B96DDC /* TestSearchControllerTests.xctest */;
			productType = "com.apple.product-type.bundle.unit-test";
		};
		6F4FC31124FADB2800B96DDC /* TestSearchControllerUITests */ = {
			isa = PBXNativeTarget;
			buildConfigurationList = 6F4FC32124FADB2800B96DDC /* Build configuration list for PBXNativeTarget "TestSearchControllerUITests" */;
			buildPhases = (
				6F4FC30E24FADB2800B96DDC /* Sources */,
				6F4FC30F24FADB2800B96DDC /* Frameworks */,
				6F4FC31024FADB2800B96DDC /* Resources */,
			);
			buildRules = (
			);
			dependencies = (
				6F4FC31424FADB2800B96DDC /* PBXTargetDependency */,
			);
			name = TestSearchControllerUITests;
			productName = TestSearchControllerUITests;
			productReference = 6F4FC31224FADB2800B96DDC /* TestSearchControllerUITests.xctest */;
			productType = "com.apple.product-type.bundle.ui-testing";
		};
/* End PBXNativeTarget section */

/* Begin PBXProject section */
		6F4FC2E924FADB2500B96DDC /* Project object */ = {
			isa = PBXProject;
			attributes = {
				LastSwiftUpdateCheck = 1160;
				LastUpgradeCheck = 1160;
				ORGANIZATIONNAME = "Michael Sidoruk";
				TargetAttributes = {
					6F4FC2F024FADB2500B96DDC = {
						CreatedOnToolsVersion = 11.6;
					};
					6F4FC30624FADB2800B96DDC = {
						CreatedOnToolsVersion = 11.6;
						TestTargetID = 6F4FC2F024FADB2500B96DDC;
					};
					6F4FC31124FADB2800B96DDC = {
						CreatedOnToolsVersion = 11.6;
						TestTargetID = 6F4FC2F024FADB2500B96DDC;
					};
				};
			};
			buildConfigurationList = 6F4FC2EC24FADB2500B96DDC /* Build configuration list for PBXProject "TestSearchController" */;
			compatibilityVersion = "Xcode 9.3";
			developmentRegion = en;
			hasScannedForEncodings = 0;
			knownRegions = (
				en,
				Base,
			);
			mainGroup = 6F4FC2E824FADB2500B96DDC;
			productRefGroup = 6F4FC2F224FADB2500B96DDC /* Products */;
			projectDirPath = "";
			projectRoot = "";
			targets = (
				6F4FC2F024FADB2500B96DDC /* TestSearchController */,
				6F4FC30624FADB2800B96DDC /* TestSearchControllerTests */,
				6F4FC31124FADB2800B96DDC /* TestSearchControllerUITests */,
			);
		};
/* End PBXProject section */

/* Begin PBXResourcesBuildPhase section */
		6F4FC2EF24FADB2500B96DDC /* Resources */ = {
			isa = PBXResourcesBuildPhase;
			buildActionMask = 2147483647;
			files = (
				6F4FC30124FADB2700B96DDC /* LaunchScreen.storyboard in Resources */,
				6F4FC2FE24FADB2700B96DDC /* Assets.xcassets in Resources */,
				6F4FC2FC24FADB2500B96DDC /* Main.storyboard in Resources */,
			);
			runOnlyForDeploymentPostprocessing = 0;
		};
		6F4FC30524FADB2800B96DDC /* Resources */ = {
			isa = PBXResourcesBuildPhase;
			buildActionMask = 2147483647;
			files = (
			);
			runOnlyForDeploymentPostprocessing = 0;
		};
		6F4FC31024FADB2800B96DDC /* Resources */ = {
			isa = PBXResourcesBuildPhase;
			buildActionMask = 2147483647;
			files = (
			);
			runOnlyForDeploymentPostprocessing = 0;
		};
/* End PBXResourcesBuildPhase section */

/* Begin PBXSourcesBuildPhase section */
		6F4FC2ED24FADB2500B96DDC /* Sources */ = {
			isa = PBXSourcesBuildPhase;
			buildActionMask = 2147483647;
			files = (
				6F4FC2F924FADB2500B96DDC /* MainVC.swift in Sources */,
				6F4FC32D24FAE51800B96DDC /* DetailsVC.swift in Sources */,
				6F4FC32524FADFDC00B96DDC /* MainView.swift in Sources */,
				6F4FC2F524FADB2500B96DDC /* AppDelegate.swift in Sources */,
				6F4FC2F724FADB2500B96DDC /* SceneDelegate.swift in Sources */,
				6F4FC32924FAE0D200B96DDC /* RainbowSixOperator.swift in Sources */,
				6F4FC32F24FC07F400B96DDC /* SearchVC.swift in Sources */,
			);
			runOnlyForDeploymentPostprocessing = 0;
		};
		6F4FC30324FADB2800B96DDC /* Sources */ = {
			isa = PBXSourcesBuildPhase;
			buildActionMask = 2147483647;
			files = (
			);
			runOnlyForDeploymentPostprocessing = 0;
		};
		6F4FC30E24FADB2800B96DDC /* Sources */ = {
			isa = PBXSourcesBuildPhase;
			buildActionMask = 2147483647;
			files = (
			);
			runOnlyForDeploymentPostprocessing = 0;
		};
/* End PBXSourcesBuildPhase section */

/* Begin PBXTargetDependency section */
		6F4FC30924FADB2800B96DDC /* PBXTargetDependency */ = {
			isa = PBXTargetDependency;
			target = 6F4FC2F024FADB2500B96DDC /* TestSearchController */;
			targetProxy = 6F4FC30824FADB2800B96DDC /* PBXContainerItemProxy */;
		};
		6F4FC31424FADB2800B96DDC /* PBXTargetDependency */ = {
			isa = PBXTargetDependency;
			target = 6F4FC2F024FADB2500B96DDC /* TestSearchController */;
			targetProxy = 6F4FC31324FADB2800B96DDC /* PBXContainerItemProxy */;
		};
/* End PBXTargetDependency section */

/* Begin PBXVariantGroup section */
		6F4FC2FA24FADB2500B96DDC /* Main.storyboard */ = {
			isa = PBXVariantGroup;
			children = (
				6F4FC2FB24FADB2500B96DDC /* Base */,
			);
			name = Main.storyboard;
			sourceTree = "<group>";
		};
		6F4FC2FF24FADB2700B96DDC /* LaunchScreen.storyboard */ = {
			isa = PBXVariantGroup;
			children = (
				6F4FC30024FADB2700B96DDC /* Base */,
			);
			name = LaunchScreen.storyboard;
			sourceTree = "<group>";
		};
/* End PBXVariantGroup section */

/* Begin XCBuildConfiguration section */
		6F4FC31924FADB2800B96DDC /* Debug */ = {
			isa = XCBuildConfiguration;
			buildSettings = {
				ALWAYS_SEARCH_USER_PATHS = NO;
				CLANG_ANALYZER_NONNULL = YES;
				CLANG_ANALYZER_NUMBER_OBJECT_CONVERSION = YES_AGGRESSIVE;
				CLANG_CXX_LANGUAGE_STANDARD = "gnu++14";
				CLANG_CXX_LIBRARY = "libc++";
				CLANG_ENABLE_MODULES = YES;
				CLANG_ENABLE_OBJC_ARC = YES;
				CLANG_ENABLE_OBJC_WEAK = YES;
				CLANG_WARN_BLOCK_CAPTURE_AUTORELEASING = YES;
				CLANG_WARN_BOOL_CONVERSION = YES;
				CLANG_WARN_COMMA = YES;
				CLANG_WARN_CONSTANT_CONVERSION = YES;
				CLANG_WARN_DEPRECATED_OBJC_IMPLEMENTATIONS = YES;
				CLANG_WARN_DIRECT_OBJC_ISA_USAGE = YES_ERROR;
				CLANG_WARN_DOCUMENTATION_COMMENTS = YES;
				CLANG_WARN_EMPTY_BODY = YES;
				CLANG_WARN_ENUM_CONVERSION = YES;
				CLANG_WARN_INFINITE_RECURSION = YES;
				CLANG_WARN_INT_CONVERSION = YES;
				CLANG_WARN_NON_LITERAL_NULL_CONVERSION = YES;
				CLANG_WARN_OBJC_IMPLICIT_RETAIN_SELF = YES;
				CLANG_WARN_OBJC_LITERAL_CONVERSION = YES;
				CLANG_WARN_OBJC_ROOT_CLASS = YES_ERROR;
				CLANG_WARN_RANGE_LOOP_ANALYSIS = YES;
				CLANG_WARN_STRICT_PROTOTYPES = YES;
				CLANG_WARN_SUSPICIOUS_MOVE = YES;
				CLANG_WARN_UNGUARDED_AVAILABILITY = YES_AGGRESSIVE;
				CLANG_WARN_UNREACHABLE_CODE = YES;
				CLANG_WARN__DUPLICATE_METHOD_MATCH = YES;
				COPY_PHASE_STRIP = NO;
				DEBUG_INFORMATION_FORMAT = dwarf;
				ENABLE_STRICT_OBJC_MSGSEND = YES;
				ENABLE_TESTABILITY = YES;
				GCC_C_LANGUAGE_STANDARD = gnu11;
				GCC_DYNAMIC_NO_PIC = NO;
				GCC_NO_COMMON_BLOCKS = YES;
				GCC_OPTIMIZATION_LEVEL = 0;
				GCC_PREPROCESSOR_DEFINITIONS = (
					"DEBUG=1",
					"$(inherited)",
				);
				GCC_WARN_64_TO_32_BIT_CONVERSION = YES;
				GCC_WARN_ABOUT_RETURN_TYPE = YES_ERROR;
				GCC_WARN_UNDECLARED_SELECTOR = YES;
				GCC_WARN_UNINITIALIZED_AUTOS = YES_AGGRESSIVE;
				GCC_WARN_UNUSED_FUNCTION = YES;
				GCC_WARN_UNUSED_VARIABLE = YES;
				IPHONEOS_DEPLOYMENT_TARGET = 13.6;
				MTL_ENABLE_DEBUG_INFO = INCLUDE_SOURCE;
				MTL_FAST_MATH = YES;
				ONLY_ACTIVE_ARCH = YES;
				SDKROOT = iphoneos;
				SWIFT_ACTIVE_COMPILATION_CONDITIONS = DEBUG;
				SWIFT_OPTIMIZATION_LEVEL = "-Onone";
			};
			name = Debug;
		};
		6F4FC31A24FADB2800B96DDC /* Release */ = {
			isa = XCBuildConfiguration;
			buildSettings = {
				ALWAYS_SEARCH_USER_PATHS = NO;
				CLANG_ANALYZER_NONNULL = YES;
				CLANG_ANALYZER_NUMBER_OBJECT_CONVERSION = YES_AGGRESSIVE;
				CLANG_CXX_LANGUAGE_STANDARD = "gnu++14";
				CLANG_CXX_LIBRARY = "libc++";
				CLANG_ENABLE_MODULES = YES;
				CLANG_ENABLE_OBJC_ARC = YES;
				CLANG_ENABLE_OBJC_WEAK = YES;
				CLANG_WARN_BLOCK_CAPTURE_AUTORELEASING = YES;
				CLANG_WARN_BOOL_CONVERSION = YES;
				CLANG_WARN_COMMA = YES;
				CLANG_WARN_CONSTANT_CONVERSION = YES;
				CLANG_WARN_DEPRECATED_OBJC_IMPLEMENTATIONS = YES;
				CLANG_WARN_DIRECT_OBJC_ISA_USAGE = YES_ERROR;
				CLANG_WARN_DOCUMENTATION_COMMENTS = YES;
				CLANG_WARN_EMPTY_BODY = YES;
				CLANG_WARN_ENUM_CONVERSION = YES;
				CLANG_WARN_INFINITE_RECURSION = YES;
				CLANG_WARN_INT_CONVERSION = YES;
				CLANG_WARN_NON_LITERAL_NULL_CONVERSION = YES;
				CLANG_WARN_OBJC_IMPLICIT_RETAIN_SELF = YES;
				CLANG_WARN_OBJC_LITERAL_CONVERSION = YES;
				CLANG_WARN_OBJC_ROOT_CLASS = YES_ERROR;
				CLANG_WARN_RANGE_LOOP_ANALYSIS = YES;
				CLANG_WARN_STRICT_PROTOTYPES = YES;
				CLANG_WARN_SUSPICIOUS_MOVE = YES;
				CLANG_WARN_UNGUARDED_AVAILABILITY = YES_AGGRESSIVE;
				CLANG_WARN_UNREACHABLE_CODE = YES;
				CLANG_WARN__DUPLICATE_METHOD_MATCH = YES;
				COPY_PHASE_STRIP = NO;
				DEBUG_INFORMATION_FORMAT = "dwarf-with-dsym";
				ENABLE_NS_ASSERTIONS = NO;
				ENABLE_STRICT_OBJC_MSGSEND = YES;
				GCC_C_LANGUAGE_STANDARD = gnu11;
				GCC_NO_COMMON_BLOCKS = YES;
				GCC_WARN_64_TO_32_BIT_CONVERSION = YES;
				GCC_WARN_ABOUT_RETURN_TYPE = YES_ERROR;
				GCC_WARN_UNDECLARED_SELECTOR = YES;
				GCC_WARN_UNINITIALIZED_AUTOS = YES_AGGRESSIVE;
				GCC_WARN_UNUSED_FUNCTION = YES;
				GCC_WARN_UNUSED_VARIABLE = YES;
				IPHONEOS_DEPLOYMENT_TARGET = 13.6;
				MTL_ENABLE_DEBUG_INFO = NO;
				MTL_FAST_MATH = YES;
				SDKROOT = iphoneos;
				SWIFT_COMPILATION_MODE = wholemodule;
				SWIFT_OPTIMIZATION_LEVEL = "-O";
				VALIDATE_PRODUCT = YES;
			};
			name = Release;
		};
		6F4FC31C24FADB2800B96DDC /* Debug */ = {
			isa = XCBuildConfiguration;
			buildSettings = {
				ASSETCATALOG_COMPILER_APPICON_NAME = AppIcon;
				CODE_SIGN_STYLE = Automatic;
				DEVELOPMENT_TEAM = A9D7992LUJ;
				INFOPLIST_FILE = TestSearchController/Info.plist;
				LD_RUNPATH_SEARCH_PATHS = (
					"$(inherited)",
					"@executable_path/Frameworks",
				);
				PRODUCT_BUNDLE_IDENTIFIER = "Michael-Sidoruk.com.TestSearchController";
				PRODUCT_NAME = "$(TARGET_NAME)";
				SWIFT_VERSION = 5.0;
				TARGETED_DEVICE_FAMILY = "1,2";
			};
			name = Debug;
		};
		6F4FC31D24FADB2800B96DDC /* Release */ = {
			isa = XCBuildConfiguration;
			buildSettings = {
				ASSETCATALOG_COMPILER_APPICON_NAME = AppIcon;
				CODE_SIGN_STYLE = Automatic;
				DEVELOPMENT_TEAM = A9D7992LUJ;
				INFOPLIST_FILE = TestSearchController/Info.plist;
				LD_RUNPATH_SEARCH_PATHS = (
					"$(inherited)",
					"@executable_path/Frameworks",
				);
				PRODUCT_BUNDLE_IDENTIFIER = "Michael-Sidoruk.com.TestSearchController";
				PRODUCT_NAME = "$(TARGET_NAME)";
				SWIFT_VERSION = 5.0;
				TARGETED_DEVICE_FAMILY = "1,2";
			};
			name = Release;
		};
		6F4FC31F24FADB2800B96DDC /* Debug */ = {
			isa = XCBuildConfiguration;
			buildSettings = {
				ALWAYS_EMBED_SWIFT_STANDARD_LIBRARIES = YES;
				BUNDLE_LOADER = "$(TEST_HOST)";
				CODE_SIGN_STYLE = Automatic;
				DEVELOPMENT_TEAM = A9D7992LUJ;
				INFOPLIST_FILE = TestSearchControllerTests/Info.plist;
				IPHONEOS_DEPLOYMENT_TARGET = 13.6;
				LD_RUNPATH_SEARCH_PATHS = (
					"$(inherited)",
					"@executable_path/Frameworks",
					"@loader_path/Frameworks",
				);
				PRODUCT_BUNDLE_IDENTIFIER = "Michael-Sidoruk.com.TestSearchControllerTests";
				PRODUCT_NAME = "$(TARGET_NAME)";
				SWIFT_VERSION = 5.0;
				TARGETED_DEVICE_FAMILY = "1,2";
				TEST_HOST = "$(BUILT_PRODUCTS_DIR)/TestSearchController.app/TestSearchController";
			};
			name = Debug;
		};
		6F4FC32024FADB2800B96DDC /* Release */ = {
			isa = XCBuildConfiguration;
			buildSettings = {
				ALWAYS_EMBED_SWIFT_STANDARD_LIBRARIES = YES;
				BUNDLE_LOADER = "$(TEST_HOST)";
				CODE_SIGN_STYLE = Automatic;
				DEVELOPMENT_TEAM = A9D7992LUJ;
				INFOPLIST_FILE = TestSearchControllerTests/Info.plist;
				IPHONEOS_DEPLOYMENT_TARGET = 13.6;
				LD_RUNPATH_SEARCH_PATHS = (
					"$(inherited)",
					"@executable_path/Frameworks",
					"@loader_path/Frameworks",
				);
				PRODUCT_BUNDLE_IDENTIFIER = "Michael-Sidoruk.com.TestSearchControllerTests";
				PRODUCT_NAME = "$(TARGET_NAME)";
				SWIFT_VERSION = 5.0;
				TARGETED_DEVICE_FAMILY = "1,2";
				TEST_HOST = "$(BUILT_PRODUCTS_DIR)/TestSearchController.app/TestSearchController";
			};
			name = Release;
		};
		6F4FC32224FADB2800B96DDC /* Debug */ = {
			isa = XCBuildConfiguration;
			buildSettings = {
				ALWAYS_EMBED_SWIFT_STANDARD_LIBRARIES = YES;
				CODE_SIGN_STYLE = Automatic;
				DEVELOPMENT_TEAM = A9D7992LUJ;
				INFOPLIST_FILE = TestSearchControllerUITests/Info.plist;
				LD_RUNPATH_SEARCH_PATHS = (
					"$(inherited)",
					"@executable_path/Frameworks",
					"@loader_path/Frameworks",
				);
				PRODUCT_BUNDLE_IDENTIFIER = "Michael-Sidoruk.com.TestSearchControllerUITests";
				PRODUCT_NAME = "$(TARGET_NAME)";
				SWIFT_VERSION = 5.0;
				TARGETED_DEVICE_FAMILY = "1,2";
				TEST_TARGET_NAME = TestSearchController;
			};
			name = Debug;
		};
		6F4FC32324FADB2800B96DDC /* Release */ = {
			isa = XCBuildConfiguration;
			buildSettings = {
				ALWAYS_EMBED_SWIFT_STANDARD_LIBRARIES = YES;
				CODE_SIGN_STYLE = Automatic;
				DEVELOPMENT_TEAM = A9D7992LUJ;
				INFOPLIST_FILE = TestSearchControllerUITests/Info.plist;
				LD_RUNPATH_SEARCH_PATHS = (
					"$(inherited)",
					"@executable_path/Frameworks",
					"@loader_path/Frameworks",
				);
				PRODUCT_BUNDLE_IDENTIFIER = "Michael-Sidoruk.com.TestSearchControllerUITests";
				PRODUCT_NAME = "$(TARGET_NAME)";
				SWIFT_VERSION = 5.0;
				TARGETED_DEVICE_FAMILY = "1,2";
				TEST_TARGET_NAME = TestSearchController;
			};
			name = Release;
		};
/* End XCBuildConfiguration section */

/* Begin XCConfigurationList section */
		6F4FC2EC24FADB2500B96DDC /* Build configuration list for PBXProject "TestSearchController" */ = {
			isa = XCConfigurationList;
			buildConfigurations = (
				6F4FC31924FADB2800B96DDC /* Debug */,
				6F4FC31A24FADB2800B96DDC /* Release */,
			);
			defaultConfigurationIsVisible = 0;
			defaultConfigurationName = Release;
		};
		6F4FC31B24FADB2800B96DDC /* Build configuration list for PBXNativeTarget "TestSearchController" */ = {
			isa = XCConfigurationList;
			buildConfigurations = (
				6F4FC31C24FADB2800B96DDC /* Debug */,
				6F4FC31D24FADB2800B96DDC /* Release */,
			);
			defaultConfigurationIsVisible = 0;
			defaultConfigurationName = Release;
		};
		6F4FC31E24FADB2800B96DDC /* Build configuration list for PBXNativeTarget "TestSearchControllerTests" */ = {
			isa = XCConfigurationList;
			buildConfigurations = (
				6F4FC31F24FADB2800B96DDC /* Debug */,
				6F4FC32024FADB2800B96DDC /* Release */,
			);
			defaultConfigurationIsVisible = 0;
			defaultConfigurationName = Release;
		};
		6F4FC32124FADB2800B96DDC /* Build configuration list for PBXNativeTarget "TestSearchControllerUITests" */ = {
			isa = XCConfigurationList;
			buildConfigurations = (
				6F4FC32224FADB2800B96DDC /* Debug */,
				6F4FC32324FADB2800B96DDC /* Release */,
			);
			defaultConfigurationIsVisible = 0;
			defaultConfigurationName = Release;
		};
/* End XCConfigurationList section */
	};
	rootObject = 6F4FC2E924FADB2500B96DDC /* Project object */;
}
